
Microsoft Visual Studio Solution File, Format Version 12.00
Project("{FAE04EC0-301F-11D3-BF4B-00C04F79EFBC}") = "ConjugateGradientSolver", "ConjugateGradientSolver\ConjugateGradientSolver.csproj", "{7F6796FC-4327-4984-A84F-56ACC1162B02}"
EndProject
Project("{FAE04EC0-301F-11D3-BF4B-00C04F79EFBC}") = "SparseMatrixSolver", "SparseMatrixSolver\SparseMatrixSolver.csproj", "{6C19844A-DC3C-4B22-B4B0-BA52CBACDC77}"
EndProject
Project("{FAE04EC0-301F-11D3-BF4B-00C04F79EFBC}") = "GaussEliminationSolver", "GaussEliminationSolver\GaussEliminationSolver.csproj", "{769D6919-115E-4B04-B51F-6EF5BC18BC13}"
EndProject
Global
	GlobalSection(SolutionConfigurationPlatforms) = preSolution
		Debug|Any CPU = Debug|Any CPU
		Release|Any CPU = Release|Any CPU
	EndGlobalSection
	GlobalSection(ProjectConfigurationPlatforms) = postSolution
		{7F6796FC-4327-4984-A84F-56ACC1162B02}.Debug|Any CPU.ActiveCfg = Debug|Any CPU
		{7F6796FC-4327-4984-A84F-56ACC1162B02}.Debug|Any CPU.Build.0 = Debug|Any CPU
		{7F6796FC-4327-4984-A84F-56ACC1162B02}.Release|Any CPU.ActiveCfg = Release|Any CPU
		{7F6796FC-4327-4984-A84F-56ACC1162B02}.Release|Any CPU.Build.0 = Release|Any CPU
		{6C19844A-DC3C-4B22-B4B0-BA52CBACDC77}.Debug|Any CPU.ActiveCfg = Debug|Any CPU
		{6C19844A-DC3C-4B22-B4B0-BA52CBACDC77}.Debug|Any CPU.Build.0 = Debug|Any CPU
		{6C19844A-DC3C-4B22-B4B0-BA52CBACDC77}.Release|Any CPU.ActiveCfg = Release|Any CPU
		{6C19844A-DC3C-4B22-B4B0-BA52CBACDC77}.Release|Any CPU.Build.0 = Release|Any CPU
		{769D6919-115E-4B04-B51F-6EF5BC18BC13}.Debug|Any CPU.ActiveCfg = Debug|Any CPU
		{769D6919-115E-4B04-B51F-6EF5BC18BC13}.Debug|Any CPU.Build.0 = Debug|Any CPU
		{769D6919-115E-4B04-B51F-6EF5BC18BC13}.Release|Any CPU.ActiveCfg = Release|Any CPU
		{769D6919-115E-4B04-B51F-6EF5BC18BC13}.Release|Any CPU.Build.0 = Release|Any CPU
	EndGlobalSection
EndGlobal
